
Microsoft Visual Studio Solution File, Format Version 12.00
# Visual Studio Version 17
VisualStudioVersion = 17.14.36414.22 d17.14
MinimumVisualStudioVersion = 10.0.40219.1
Project("{FAE04EC0-301F-11D3-BF4B-00C04F79EFBC}") = "baitap", "baitap\baitap.csproj", "{01EF70B5-1791-4660-98BA-FEA2E8A73B69}"
EndProject
Global
	GlobalSection(SolutionConfigurationPlatforms) = preSolution
		Debug|Any CPU = Debug|Any CPU
		Release|Any CPU = Release|Any CPU
	EndGlobalSection
	GlobalSection(ProjectConfigurationPlatforms) = postSolution
		{01EF70B5-1791-4660-98BA-FEA2E8A73B69}.Debug|Any CPU.ActiveCfg = Debug|Any CPU
		{01EF70B5-1791-4660-98BA-FEA2E8A73B69}.Debug|Any CPU.Build.0 = Debug|Any CPU
		{01EF70B5-1791-4660-98BA-FEA2E8A73B69}.Release|Any CPU.ActiveCfg = Release|Any CPU
		{01EF70B5-1791-4660-98BA-FEA2E8A73B69}.Release|Any CPU.Build.0 = Release|Any CPU
	EndGlobalSection
	GlobalSection(SolutionProperties) = preSolution
		HideSolutionNode = FALSE
	EndGlobalSection
	GlobalSection(ExtensibilityGlobals) = postSolution
		SolutionGuid = {AA5E1A54-1904-4C65-BAD4-10A3791BE863}
	EndGlobalSection
EndGlobal
