
Microsoft Visual Studio Solution File, Format Version 12.00
# Visual Studio Version 17
VisualStudioVersion = 17.14.36414.22 d17.14
MinimumVisualStudioVersion = 10.0.40219.1
Project("{FAE04EC0-301F-11D3-BF4B-00C04F79EFBC}") = "primeNumber", "primeNumber\primeNumber.csproj", "{EB026010-A4BA-45D0-BD95-C29FEE6A35B8}"
EndProject
Global
	GlobalSection(SolutionConfigurationPlatforms) = preSolution
		Debug|Any CPU = Debug|Any CPU
		Release|Any CPU = Release|Any CPU
	EndGlobalSection
	GlobalSection(ProjectConfigurationPlatforms) = postSolution
		{EB026010-A4BA-45D0-BD95-C29FEE6A35B8}.Debug|Any CPU.ActiveCfg = Debug|Any CPU
		{EB026010-A4BA-45D0-BD95-C29FEE6A35B8}.Debug|Any CPU.Build.0 = Debug|Any CPU
		{EB026010-A4BA-45D0-BD95-C29FEE6A35B8}.Release|Any CPU.ActiveCfg = Release|Any CPU
		{EB026010-A4BA-45D0-BD95-C29FEE6A35B8}.Release|Any CPU.Build.0 = Release|Any CPU
	EndGlobalSection
	GlobalSection(SolutionProperties) = preSolution
		HideSolutionNode = FALSE
	EndGlobalSection
	GlobalSection(ExtensibilityGlobals) = postSolution
		SolutionGuid = {9B9DBE99-82BA-43E1-86D2-7EFE72A7971D}
	EndGlobalSection
EndGlobal
