
Microsoft Visual Studio Solution File, Format Version 12.00
# Visual Studio Version 17
VisualStudioVersion = 17.14.36414.22 d17.14
MinimumVisualStudioVersion = 10.0.40219.1
Project("{FAE04EC0-301F-11D3-BF4B-00C04F79EFBC}") = "classRectangle", "classRectangle\classRectangle.csproj", "{F7B29958-49E5-4E8D-ADA0-529DB3D12531}"
EndProject
Global
	GlobalSection(SolutionConfigurationPlatforms) = preSolution
		Debug|Any CPU = Debug|Any CPU
		Release|Any CPU = Release|Any CPU
	EndGlobalSection
	GlobalSection(ProjectConfigurationPlatforms) = postSolution
		{F7B29958-49E5-4E8D-ADA0-529DB3D12531}.Debug|Any CPU.ActiveCfg = Debug|Any CPU
		{F7B29958-49E5-4E8D-ADA0-529DB3D12531}.Debug|Any CPU.Build.0 = Debug|Any CPU
		{F7B29958-49E5-4E8D-ADA0-529DB3D12531}.Release|Any CPU.ActiveCfg = Release|Any CPU
		{F7B29958-49E5-4E8D-ADA0-529DB3D12531}.Release|Any CPU.Build.0 = Release|Any CPU
	EndGlobalSection
	GlobalSection(SolutionProperties) = preSolution
		HideSolutionNode = FALSE
	EndGlobalSection
	GlobalSection(ExtensibilityGlobals) = postSolution
		SolutionGuid = {347B43F9-DDEB-4FC5-85B5-748929BABAA2}
	EndGlobalSection
EndGlobal
